
Microsoft Visual Studio Solution File, Format Version 12.00
# Visual Studio Version 17
VisualStudioVersion = 17.8.34525.116
MinimumVisualStudioVersion = 10.0.40219.1
Project("{8BC9CEB8-8B4A-11D0-8D11-00A0C91BC942}") = "Puck-Man Game", "Puck-Man Game.vcxproj", "{70A8747E-DC71-4DE6-8B65-F199BC736738}"
EndProject
Global
	GlobalSection(SolutionConfigurationPlatforms) = preSolution
		Debug|x64 = Debug|x64
		Debug|x86 = Debug|x86
		Release|x64 = Release|x64
		Release|x86 = Release|x86
	EndGlobalSection
	GlobalSection(ProjectConfigurationPlatforms) = postSolution
		{70A8747E-DC71-4DE6-8B65-F199BC736738}.Debug|x64.ActiveCfg = Debug|x64
		{70A8747E-DC71-4DE6-8B65-F199BC736738}.Debug|x64.Build.0 = Debug|x64
		{70A8747E-DC71-4DE6-8B65-F199BC736738}.Debug|x86.ActiveCfg = Debug|Win32
		{70A8747E-DC71-4DE6-8B65-F199BC736738}.Debug|x86.Build.0 = Debug|Win32
		{70A8747E-DC71-4DE6-8B65-F199BC736738}.Release|x64.ActiveCfg = Release|x64
		{70A8747E-DC71-4DE6-8B65-F199BC736738}.Release|x64.Build.0 = Release|x64
		{70A8747E-DC71-4DE6-8B65-F199BC736738}.Release|x86.ActiveCfg = Release|Win32
		{70A8747E-DC71-4DE6-8B65-F199BC736738}.Release|x86.Build.0 = Release|Win32
	EndGlobalSection
	GlobalSection(SolutionProperties) = preSolution
		HideSolutionNode = FALSE
	EndGlobalSection
	GlobalSection(ExtensibilityGlobals) = postSolution
		SolutionGuid = {02A016B0-A0D3-47E5-B67E-1C33CE1C765F}
	EndGlobalSection
EndGlobal
